#
# This file is autogenerated by pip-compile with Python 3.13
# by the following command:
#
#    pip-compile --output-file=requirements.lock --strip-extras requirements.txt
#
absl-py==2.4.0
    # via ortools
annotated-doc==0.0.4
    # via fastapi
annotated-types==0.7.0
    # via pydantic
anyio==4.13.0
    # via
    #   httpx
    #   starlette
    #   watchfiles
certifi==2026.5.20
    # via
    #   httpcore
    #   httpx
    #   requests
cffi==2.0.0
    # via cryptography
charset-normalizer==3.4.7
    # via
    #   reportlab
    #   requests
click==8.4.1
    # via uvicorn
colorama==0.4.6
    # via
    #   click
    #   uvicorn
cryptography==48.0.0
    # via
    #   -r requirements.txt
    #   pyspnego
    #   requests-ntlm
dill==0.4.1
    # via qiskit
docplex==2.32.264
    # via
    #   -r requirements.txt
    #   qiskit-optimization
faker==40.19.1
    # via -r requirements.txt
fastapi==0.136.3
    # via -r requirements.txt
greenlet==3.5.1
    # via sqlalchemy
h11==0.16.0
    # via
    #   httpcore
    #   uvicorn
httpcore==1.0.9
    # via httpx
httptools==0.8.0
    # via uvicorn
httpx==0.28.1
    # via -r requirements.txt
ibm-cloud-sdk-core==3.24.4
    # via ibm-platform-services
ibm-platform-services==0.75.0
    # via qiskit-ibm-runtime
ibm-quantum-schemas==0.7.20260419
    # via qiskit-ibm-runtime
idna==3.17
    # via
    #   anyio
    #   httpx
    #   requests
immutabledict==4.3.1
    # via ortools
networkx==3.6.1
    # via qiskit-optimization
numpy==2.4.6
    # via
    #   ortools
    #   pandas
    #   qiskit
    #   qiskit-aer
    #   qiskit-ibm-runtime
    #   qiskit-optimization
    #   rustworkx
    #   samplomatic
    #   scipy
orjson==3.11.9
    # via samplomatic
ortools==9.15.6755
    # via -r requirements.txt
pandas==3.0.3
    # via ortools
pillow==12.2.0
    # via reportlab
protobuf==6.33.6
    # via ortools
psutil==7.2.2
    # via qiskit-aer
psycopg==3.3.4
    # via -r requirements.txt
psycopg-binary==3.3.4
    # via psycopg
pybase64==1.4.3
    # via
    #   ibm-quantum-schemas
    #   qiskit-ibm-runtime
    #   samplomatic
pycparser==3.0
    # via cffi
pydantic==2.13.4
    # via
    #   -r requirements.txt
    #   fastapi
    #   ibm-quantum-schemas
    #   qiskit-ibm-runtime
pydantic-core==2.46.4
    # via pydantic
pyjwt==2.13.0
    # via ibm-cloud-sdk-core
pyspnego==0.12.1
    # via requests-ntlm
python-dateutil==2.9.0.post0
    # via
    #   ibm-cloud-sdk-core
    #   pandas
    #   qiskit-aer
    #   qiskit-ibm-runtime
python-dotenv==1.2.2
    # via uvicorn
python-multipart==0.0.29
    # via -r requirements.txt
pyyaml==6.0.3
    # via uvicorn
qiskit==2.4.1
    # via
    #   -r requirements.txt
    #   ibm-quantum-schemas
    #   qiskit-aer
    #   qiskit-ibm-runtime
    #   qiskit-optimization
    #   samplomatic
qiskit-aer==0.17.2
    # via -r requirements.txt
qiskit-ibm-runtime==0.47.0
    # via -r requirements.txt
qiskit-optimization==0.7.0
    # via -r requirements.txt
redis==8.0.0
    # via -r requirements.txt
reportlab==4.5.1
    # via -r requirements.txt
requests==2.34.2
    # via
    #   ibm-cloud-sdk-core
    #   qiskit-ibm-runtime
    #   requests-ntlm
requests-ntlm==1.3.0
    # via qiskit-ibm-runtime
rustworkx==0.17.1
    # via
    #   qiskit
    #   samplomatic
samplomatic==0.19.0
    # via
    #   ibm-quantum-schemas
    #   qiskit-ibm-runtime
scipy==1.17.1
    # via
    #   qiskit
    #   qiskit-aer
    #   qiskit-optimization
six==1.17.0
    # via
    #   docplex
    #   python-dateutil
sqlalchemy==2.0.50
    # via -r requirements.txt
sspilib==0.5.0
    # via pyspnego
starlette==1.2.0
    # via fastapi
stevedore==5.8.0
    # via qiskit
typing-extensions==4.15.0
    # via
    #   fastapi
    #   ortools
    #   pydantic
    #   pydantic-core
    #   qiskit
    #   sqlalchemy
    #   typing-inspection
typing-inspection==0.4.2
    # via
    #   fastapi
    #   pydantic
tzdata==2026.2
    # via
    #   faker
    #   pandas
    #   psycopg
urllib3==2.7.0
    # via
    #   ibm-cloud-sdk-core
    #   qiskit-ibm-runtime
    #   requests
uvicorn==0.48.0
    # via -r requirements.txt
watchfiles==1.2.0
    # via uvicorn
websockets==16.0
    # via uvicorn

# The following packages are considered to be unsafe in a requirements file:
# setuptools
