{
  "name": "@qtangl/sdk-react",
  "version": "0.9.1",
  "lockfileVersion": 3,
  "requires": true,
  "packages": {
    "": {
      "name": "@qtangl/sdk-react",
      "version": "0.9.1",
      "license": "UNLICENSED",
      "dependencies": {
        "web": "file:../../web"
      },
      "devDependencies": {
        "@qtangl/sdk": "file:../typescript",
        "@types/react": "^19",
        "react": "^19.2.4",
        "react-dom": "^19.2.4",
        "typescript": "^5.8.2"
      },
      "engines": {
        "node": ">=20"
      },
      "peerDependencies": {
        "@qtangl/sdk": "^0.9.1",
        "react": "^18.0.0 || ^19.0.0"
      }
    },
    "../../web": {
      "version": "0.1.0",
      "dependencies": {
        "@qtangl/sdk": "file:../sdk/typescript",
        "@qtangl/sdk-react": "file:../sdk/react",
        "@types/d3-force": "^3.0.10",
        "d3-force": "^3.0.0",
        "next": "16.2.9",
        "react": "19.2.4",
        "react-dom": "19.2.4",
        "react-is": "19.2.4",
        "react-markdown": "^10.1.0",
        "recharts": "^3.8.1",
        "rehype-highlight": "^7.0.2",
        "rehype-raw": "^7.0.0",
        "rehype-sanitize": "^6.0.0",
        "remark-gfm": "^4.0.1"
      },
      "devDependencies": {
        "@axe-core/playwright": "^4.11.3",
        "@playwright/test": "^1.60.0",
        "@tailwindcss/postcss": "^4",
        "@types/node": "^20",
        "@types/react": "^19",
        "@types/react-dom": "^19",
        "eslint": "^9",
        "eslint-config-next": "16.2.9",
        "pdf-lib": "^1.17.1",
        "sharp": "^0.34.5",
        "tailwindcss": "^4",
        "typescript": "^5"
      }
    },
    "../typescript": {
      "name": "@qtangl/sdk",
      "version": "0.9.1",
      "dev": true,
      "license": "UNLICENSED",
      "dependencies": {
        "web": "file:../../web"
      },
      "devDependencies": {
        "openapi-typescript": "^7.6.1",
        "typescript": "^5.8.2"
      },
      "engines": {
        "node": ">=20"
      }
    },
    "node_modules/@qtangl/sdk": {
      "resolved": "../typescript",
      "link": true
    },
    "node_modules/@types/react": {
      "version": "19.2.17",
      "resolved": "https://registry.npmjs.org/@types/react/-/react-19.2.17.tgz",
      "integrity": "sha512-MXfmqaVPEVgkBT/aY0aGCkRWWtByiYQXo3xdQ8r5RzuFrPiRn8Gar2tQdXSUQ2GKV3bkXckek89V8wQBY2Q/Aw==",
      "dev": true,
      "license": "MIT",
      "dependencies": {
        "csstype": "^3.2.2"
      }
    },
    "node_modules/csstype": {
      "version": "3.2.3",
      "resolved": "https://registry.npmjs.org/csstype/-/csstype-3.2.3.tgz",
      "integrity": "sha512-z1HGKcYy2xA8AGQfwrn0PAy+PB7X/GSj3UVJW9qKyn43xWa+gl5nXmU4qqLMRzWVLFC8KusUX8T/0kCiOYpAIQ==",
      "dev": true,
      "license": "MIT"
    },
    "node_modules/react": {
      "version": "19.2.7",
      "resolved": "https://registry.npmjs.org/react/-/react-19.2.7.tgz",
      "integrity": "sha512-HNe9WslTbXmFK8o8cmwgAeJFSBvt1bPdHCVKtaaV+WlAN36mpT4hcRpwbf3fY56ar2oIXzsBpOAiIRHAdY0OlQ==",
      "dev": true,
      "license": "MIT",
      "engines": {
        "node": ">=0.10.0"
      }
    },
    "node_modules/react-dom": {
      "version": "19.2.7",
      "resolved": "https://registry.npmjs.org/react-dom/-/react-dom-19.2.7.tgz",
      "integrity": "sha512-t0BRVXvbiE/o20Hfw669rLbMCDWtYZLvmJigy2f0MxsXF+71pxhR3xOkspmsO8h3ZlNzyibAmtCa3l4lYKk6gQ==",
      "dev": true,
      "license": "MIT",
      "dependencies": {
        "scheduler": "^0.27.0"
      },
      "peerDependencies": {
        "react": "^19.2.7"
      }
    },
    "node_modules/scheduler": {
      "version": "0.27.0",
      "resolved": "https://registry.npmjs.org/scheduler/-/scheduler-0.27.0.tgz",
      "integrity": "sha512-eNv+WrVbKu1f3vbYJT/xtiF5syA5HPIMtf9IgY/nKg0sWqzAUEvqY/xm7OcZc/qafLx/iO9FgOmeSAp4v5ti/Q==",
      "dev": true,
      "license": "MIT"
    },
    "node_modules/typescript": {
      "version": "5.9.3",
      "resolved": "https://registry.npmjs.org/typescript/-/typescript-5.9.3.tgz",
      "integrity": "sha512-jl1vZzPDinLr9eUt3J/t7V6FgNEw9QjvBPdysz9KfQDD41fQrC2Y4vKQdiaUpFT4bXlb1RHhLpp8wtm6M5TgSw==",
      "dev": true,
      "license": "Apache-2.0",
      "bin": {
        "tsc": "bin/tsc",
        "tsserver": "bin/tsserver"
      },
      "engines": {
        "node": ">=14.17"
      }
    },
    "node_modules/web": {
      "resolved": "../../web",
      "link": true
    }
  }
}
